{
  "name": "rescript-syntax",
  "version": "0.0.1",
  "lockfileVersion": 2,
  "requires": true,
  "packages": {
    "": {
      "name": "rescript-syntax",
      "version": "0.0.1",
      "license": "MIT",
      "dependencies": {
        "reanalyze": "^2.21.0"
      }
    },
    "node_modules/reanalyze": {
      "version": "2.21.0",
      "resolved": "https://registry.npmjs.org/reanalyze/-/reanalyze-2.21.0.tgz",
      "integrity": "sha512-tScEJJr/twzaeKBzpig4/97j6kxbs1kUD4XqVqic2ohxizhgex7Wd+rT/oAyqbDhH/gnU8kWIbEwNBX051zg+Q==",
      "hasInstallScript": true,
      "bin": {
        "reanalyze": "reanalyze.exe"
      }
    }
  },
  "dependencies": {
    "reanalyze": {
      "version": "2.21.0",
      "resolved": "https://registry.npmjs.org/reanalyze/-/reanalyze-2.21.0.tgz",
      "integrity": "sha512-tScEJJr/twzaeKBzpig4/97j6kxbs1kUD4XqVqic2ohxizhgex7Wd+rT/oAyqbDhH/gnU8kWIbEwNBX051zg+Q=="
    }
  }
}
