{
  "name": "rescript-syntax",
  "version": "0.0.1",
  "lockfileVersion": 2,
  "requires": true,
  "packages": {
    "": {
      "name": "rescript-syntax",
      "version": "0.0.1",
      "license": "MIT",
      "devDependencies": {
        "reanalyze": "^2.17.0"
      }
    },
    "node_modules/reanalyze": {
      "version": "2.17.0",
      "integrity": "sha512-6OzrmtmaGvweIvGnpJKkFvWXSRoMvMdgTX9BtLewV1gR20uerEONGjqgHaLoO0AF7hmyJpKY+C+ft+o4lHS3JQ==",
      "dev": true,
      "hasInstallScript": true,
      "bin": {
        "reanalyze": "reanalyze.exe"
      }
    }
  },
  "dependencies": {
    "reanalyze": {
      "version": "2.17.0",
      "dev": true
    }
  }
}
